hash: 6c966ba3d4d464f8e9f6f2846efae685b645ecc8a3c0eadaca275d3c67eab017
updated: 2018-06-10T19:48:36.226559+03:00
imports:
- name: github.com/inconshreveable/mousetrap
  version: 76626ae9c91c4f2a10f34cad8ce83ea42c93bb75
- name: github.com/reujab/wallpaper
  version: c6a870f754f9be4aa7930ee73d138dfcda684ff9
- name: github.com/spf13/cobra
  version: ef82de70bb3f60c65fb8eebacbb2d122ef517385
  subpackages:
  - cobra
- name: github.com/spf13/pflag
  version: 3ebe029320b2676d667ae88da602a5f854788a8a
- name: gopkg.in/ini.v1
  version: 06f5f3d67269ccec1fe5fe4134ba6e982984f7f5
- name: gopkg.in/yaml.v2
  version: 5420a8b6744d3b0345ab293f6fcba19c978f1183
testImports: []
