github.com/goncharovnikita/unsplash v0.0.0-20220114193841-138edb65dd82 h1:g4HszPcKz26FxEt3hCgtJqyh7ctz853uGVgXgZE7bhU=
github.com/goncharovnikita/unsplash v0.0.0-20220114193841-138edb65dd82/go.mod h1:ZZwWnnrOdqjiBWxX4AvTgiNI/xvY6Pm1jOGpw1nmKJw=
github.com/goncharovnikita/unsplash v0.0.0-20220114194236-312cc538e424 h1:8oaqB2OuZfnElOoEU0LEQ5uQhpcRPOCVf76GLjIE9o0=
github.com/goncharovnikita/unsplash v0.0.0-20220114194236-312cc538e424/go.mod h1:ZZwWnnrOdqjiBWxX4AvTgiNI/xvY6Pm1jOGpw1nmKJw=
